
Microsoft Visual Studio Solution File, Format Version 12.00
# Visual Studio Version 16
VisualStudioVersion = 16.0.31729.503
MinimumVisualStudioVersion = 10.0.40219.1
Project("{8BC9CEB8-8B4A-11D0-8D11-00A0C91BC942}") = "CIPqdt_Master", "CIPqdt_Master\CIPqdt_Master.vcxproj", "{7CCDF0EB-5B6E-4832-A6D8-5260C18217F1}"
EndProject
Global
	GlobalSection(SolutionConfigurationPlatforms) = preSolution
		Debug|Win32 = Debug|Win32
		Debug|x64 = Debug|x64
		Release|Win32 = Release|Win32
		Release|x64 = Release|x64
	EndGlobalSection
	GlobalSection(ProjectConfigurationPlatforms) = postSolution
		{7CCDF0EB-5B6E-4832-A6D8-5260C18217F1}.Debug|Win32.ActiveCfg = Debug|Win32
		{7CCDF0EB-5B6E-4832-A6D8-5260C18217F1}.Debug|Win32.Build.0 = Debug|Win32
		{7CCDF0EB-5B6E-4832-A6D8-5260C18217F1}.Debug|x64.ActiveCfg = Debug|x64
		{7CCDF0EB-5B6E-4832-A6D8-5260C18217F1}.Debug|x64.Build.0 = Debug|x64
		{7CCDF0EB-5B6E-4832-A6D8-5260C18217F1}.Release|Win32.ActiveCfg = Release|Win32
		{7CCDF0EB-5B6E-4832-A6D8-5260C18217F1}.Release|Win32.Build.0 = Release|Win32
		{7CCDF0EB-5B6E-4832-A6D8-5260C18217F1}.Release|x64.ActiveCfg = Release|x64
		{7CCDF0EB-5B6E-4832-A6D8-5260C18217F1}.Release|x64.Build.0 = Release|x64
	EndGlobalSection
	GlobalSection(SolutionProperties) = preSolution
		HideSolutionNode = FALSE
	EndGlobalSection
	GlobalSection(ExtensibilityGlobals) = postSolution
		SolutionGuid = {557F5504-F6A2-4867-B484-2B4D54C855B5}
	EndGlobalSection
EndGlobal
